%{
  "circuits_uart": {:hex, :circuits_uart, "1.4.3", "3753ed5b8792bab65f3e3c9c4ef00c51bcd5af7bb504bdfcba0648cb9b37e0de", [:mix], [{:elixir_make, "~> 0.6", [hex: :elixir_make, repo: "hexpm", optional: false]}], "hexpm", "80e568af4144ebf060af19d9354a545f96fe1ac069d91ac852ee9f2cee8af581"},
  "circular_buffer": {:hex, :circular_buffer, "0.4.0", "a51ea76bb03c4a38207934264bcc600018ead966728ca80da731458c5f940f8b", [:mix], [], "hexpm", "c604b19f2101982b63264e2ed90c6fb0fe502540b6af83ce95135ac9b6f2d847"},
  "dns": {:hex, :dns, "2.2.0", "4721a79c2bccc25481930dffbfd06f40851321c3d679986af307111214bf124c", [:mix], [{:socket, "~> 0.3.13", [hex: :socket, repo: "hexpm", optional: false]}], "hexpm", "13ed1ef36ce896211ec6ce5e02709dbfb12aa61d6255bda8d531577a0a5a56e0"},
  "dsm_parser": {:hex, :dsm_parser, "0.1.1", "a857e693b33bb50c832c85558d1b524494f94e4f3d898d86c67f0a5f1ec63823", [:mix], [], "hexpm", "ddd3f21008622d9e6221f6a767819d44d565030be70ded47e4b88976e5888967"},
  "elixir_make": {:hex, :elixir_make, "0.6.2", "7dffacd77dec4c37b39af867cedaabb0b59f6a871f89722c25b28fcd4bd70530", [:mix], [], "hexpm", "03e49eadda22526a7e5279d53321d1cced6552f344ba4e03e619063de75348d9"},
  "font_metrics": {:hex, :font_metrics, "0.3.1", "025ff9957040eb4d6430c306a4445bad5d9f43ec24448c1647df7cb63b5dd88c", [:mix], [{:msgpax, "~> 2.2", [hex: :msgpax, repo: "hexpm", optional: false]}], "hexpm", "6dff6525d49d84173ce20b4cba2457b2289e83bcc2be19c2aa761dbe9f631033"},
  "frsky_parser": {:hex, :frsky_parser, "0.1.0", "2ad325eaaaef32b9838830a36a6cc11d9c6a7853134c0034332d9eed9f65aba4", [:mix], [], "hexpm", "c5f7863f82f9b2ed31ff22ee7369134abdb56cb4a7438c4f2435acff4ee9dfe0"},
  "gen_state_machine": {:hex, :gen_state_machine, "3.0.0", "1e57f86a494e5c6b14137ebef26a7eb342b3b0070c7135f2d6768ed3f6b6cdff", [:mix], [], "hexpm", "0a59652574bebceb7309f6b749d2a41b45fdeda8dbb4da0791e355dd19f0ed15"},
  "joystick": {:hex, :joystick, "0.2.1", "42b6742bd257a41f6c9173ab636d2ed441805a9530c875e2498887469e7ecb2e", [:make, :mix], [{:elixir_make, "~> 0.6.2", [hex: :elixir_make, repo: "hexpm", optional: false]}], "hexpm", "3788f87321ba548cf531a970f2602933a8f1eff44d7e6ef158d59dfc5d053bd3"},
  "matrex": {:hex, :matrex, "0.6.8", "ccb491e661bae7931ee6b0e68f5e1cd28528e5360a59bc3ab4d759b89be1701e", [:make], [{:elixir_make, "~> 0.4", [hex: :elixir_make, repo: "hexpm", optional: false]}], "hexpm", "043ef9fdd9809b012568915f2fc396ea5c5631fd792f75c1148f03d478d60901"},
  "mdns_lite": {:hex, :mdns_lite, "0.6.7", "7e3163f663584a37ce25b0496dde8eb19666338f340fa3968768ee6d10ec7bdb", [:mix], [{:dns, "~> 2.1", [hex: :dns, repo: "hexpm", optional: false]}, {:vintage_net, "~> 0.7", [hex: :vintage_net, repo: "hexpm", optional: true]}], "hexpm", "11f63ff41e69470c5ef2f8f432f9de8fede8d78413ad7b8c9ea1092f8196558f"},
  "msgpax": {:hex, :msgpax, "2.3.0", "14f52ad249a3f77b5e2d59f6143e6c18a6e74f34666989e22bac0a465f9835cc", [:mix], [{:plug, "~> 1.0", [hex: :plug, repo: "hexpm", optional: true]}], "hexpm", "65c36846a62ed5615baf7d7d47babb6541313a6c0b6d2ff19354bd518f52df7e"},
  "muontrap": {:hex, :muontrap, "0.6.0", "0f73fcd7c1c7a98a93744b18ca66b718d75450d2d92cd3e535579ae72c76e7f2", [:make, :mix], [{:elixir_make, "~> 0.6", [hex: :elixir_make, repo: "hexpm", optional: false]}], "hexpm", "b5548a8dfb787b4eb7612e0650e9b460aa5d137fd101a0b67da68014631b198c"},
  "nerves": {:hex, :nerves, "1.7.11", "67820b7055b541ce20f7bce40672a06268673ba8c47576a76e703d537a136a74", [:make, :mix], [{:elixir_make, "~> 0.6", [hex: :elixir_make, repo: "hexpm", optional: false]}, {:jason, "~> 1.2", [hex: :jason, repo: "hexpm", optional: true]}], "hexpm", "79535d00928c81a93ea5311497b00f0ca7bc0a8aa405134d16597a02b2616e89"},
  "nerves_pack": {:hex, :nerves_pack, "0.4.1", "3f1b841aa041baa26c92f11c9f0fb523601db75b60e171e656197eb7e0dcc47b", [:mix], [{:mdns_lite, "~> 0.6", [hex: :mdns_lite, repo: "hexpm", optional: false]}, {:nerves_runtime, "~> 0.6", [hex: :nerves_runtime, repo: "hexpm", optional: false]}, {:nerves_ssh, "~> 0.2", [hex: :nerves_ssh, repo: "hexpm", optional: false]}, {:nerves_time, "~> 0.3", [hex: :nerves_time, repo: "hexpm", optional: false]}, {:ring_logger, "~> 0.8", [hex: :ring_logger, repo: "hexpm", optional: false]}, {:vintage_net, "~> 0.7.0 or ~> 0.8.0 or ~> 0.9.0", [hex: :vintage_net, repo: "hexpm", optional: false]}, {:vintage_net_direct, "~> 0.7", [hex: :vintage_net_direct, repo: "hexpm", optional: false]}, {:vintage_net_ethernet, "~> 0.7", [hex: :vintage_net_ethernet, repo: "hexpm", optional: false]}, {:vintage_net_wifi, "~> 0.7", [hex: :vintage_net_wifi, repo: "hexpm", optional: false]}], "hexpm", "491e589a8c1ccd06887fb16e2dfc4a446e37dcf57dc7ffbde1b5e6ffef82a11b"},
  "nerves_runtime": {:hex, :nerves_runtime, "0.11.3", "1b5b122e4db52a747c68b35d00cefd386b3299b69b8d9071aae5f8ddf1121be1", [:make, :mix], [{:elixir_make, "~> 0.6", [hex: :elixir_make, repo: "hexpm", optional: false]}, {:system_registry, "~> 0.8.0", [hex: :system_registry, repo: "hexpm", optional: false]}, {:uboot_env, "~> 0.1.1 or ~> 0.2.0 or ~> 0.3.0", [hex: :uboot_env, repo: "hexpm", optional: false]}], "hexpm", "ed255ead503029666d0fd9f736cbf3b62c0be380592e95de6ccbfdbf37fb7aee"},
  "nerves_ssh": {:hex, :nerves_ssh, "0.2.1", "50799098e337698ed03d5328a6c1cd81d8267d46f6565b4d968e0d87b01c7ed2", [:mix], [{:nerves_runtime, "~> 0.11", [hex: :nerves_runtime, repo: "hexpm", optional: false]}, {:ssh_subsystem_fwup, "~> 0.5", [hex: :ssh_subsystem_fwup, repo: "hexpm", optional: false]}], "hexpm", "a517cbc995247799b08c78dfa72c60fa1574162bf8572d7b880d14d857cf84d8"},
  "nerves_system_bbb": {:hex, :nerves_system_bbb, "2.10.0", "6c6fafa471b5e8cef1e897d0861a8ea73daebbea7f406cc93e9abaee37ce1aa3", [:mix], [{:nerves, "~> 1.5.4 or ~> 1.6.0 or ~> 1.7.4", [hex: :nerves, repo: "hexpm", optional: false]}, {:nerves_system_br, "1.15.0", [hex: :nerves_system_br, repo: "hexpm", optional: false]}, {:nerves_toolchain_armv7_nerves_linux_gnueabihf, "~> 1.4.2", [hex: :nerves_toolchain_armv7_nerves_linux_gnueabihf, repo: "hexpm", optional: false]}], "hexpm", "64c64a6714ad429c619f14ee64344840eca442d548b672ba333fa73be8d238f1"},
  "nerves_system_br": {:hex, :nerves_system_br, "1.16.4", "daff9a84165b9f4971a42d2ab4f92c30332bacc2a65dd28e7e62417a41af9264", [:mix], [], "hexpm", "c057407098bd50d2e1196984816490229a6fdc506c3824559e8a1a5531b18cf3"},
  "nerves_system_osd32mp1": {:hex, :nerves_system_osd32mp1, "0.6.0", "cb1b68f4e08d0162992fbb885343447d7c639a3d23120a5c22fd8c0f21cb7082", [:mix], [{:nerves, "~> 1.5.4 or ~> 1.6.0 or ~> 1.7.4", [hex: :nerves, repo: "hexpm", optional: false]}, {:nerves_system_br, "1.15.0", [hex: :nerves_system_br, repo: "hexpm", optional: false]}, {:nerves_toolchain_armv7_nerves_linux_gnueabihf, "~> 1.4.2", [hex: :nerves_toolchain_armv7_nerves_linux_gnueabihf, repo: "hexpm", optional: false]}], "hexpm", "2ab24d0f0c41baedb7134996c5828c4c2a7a6f35886241b4c898226b6c0e460d"},
  "nerves_system_rpi": {:hex, :nerves_system_rpi, "1.16.2", "a3173818903cf0a584d5838ac6c48f44138cdad0b50374b47906553ae86171cb", [:mix], [{:nerves, "~> 1.5.4 or ~> 1.6.0 or ~> 1.7.3", [hex: :nerves, repo: "hexpm", optional: false]}, {:nerves_system_br, "1.16.4", [hex: :nerves_system_br, repo: "hexpm", optional: false]}, {:nerves_toolchain_armv6_nerves_linux_gnueabihf, "~> 1.4.3", [hex: :nerves_toolchain_armv6_nerves_linux_gnueabihf, repo: "hexpm", optional: false]}], "hexpm", "9c82a58a808dd784333949d7d9351eb8d9dc095c175e9aed0d9cf0de65843a84"},
  "nerves_system_rpi0": {:hex, :nerves_system_rpi0, "1.16.2", "85ef4bfc18cd2b475712332f89921196b883dc617d20cab0c7a6cff2777be2cf", [:mix], [{:nerves, "~> 1.5.4 or ~> 1.6.0 or ~> 1.7.3", [hex: :nerves, repo: "hexpm", optional: false]}, {:nerves_system_br, "1.16.4", [hex: :nerves_system_br, repo: "hexpm", optional: false]}, {:nerves_toolchain_armv6_nerves_linux_gnueabihf, "~> 1.4.3", [hex: :nerves_toolchain_armv6_nerves_linux_gnueabihf, repo: "hexpm", optional: false]}], "hexpm", "f39579bba2ad5c2f0bf93e8239a93bf4faac86369170e27f1a4a3b071833b70c"},
  "nerves_system_rpi2": {:hex, :nerves_system_rpi2, "1.15.0", "466eadabda01f9dd57e407dcc6f47370c02d9974c8e35e6aae098e4ea0c9576b", [:mix], [{:nerves, "~> 1.5.4 or ~> 1.6.0 or ~> 1.7.4", [hex: :nerves, repo: "hexpm", optional: false]}, {:nerves_system_br, "1.15.0", [hex: :nerves_system_br, repo: "hexpm", optional: false]}, {:nerves_toolchain_armv7_nerves_linux_gnueabihf, "~> 1.4.0", [hex: :nerves_toolchain_armv7_nerves_linux_gnueabihf, repo: "hexpm", optional: false]}], "hexpm", "2d209234f2a3e7e14e509dc3588e536808318c54f5dcd95deae5d77418877b0e"},
  "nerves_system_rpi3": {:hex, :nerves_system_rpi3, "1.16.2", "b4bcb8452058fd6636c7e124630dc2a19a580125dd8f5760b7b8cd861f7ebc23", [:mix], [{:nerves, "~> 1.5.4 or ~> 1.6.0 or ~> 1.7.4", [hex: :nerves, repo: "hexpm", optional: false]}, {:nerves_system_br, "1.16.4", [hex: :nerves_system_br, repo: "hexpm", optional: false]}, {:nerves_toolchain_armv7_nerves_linux_gnueabihf, "~> 1.4.3", [hex: :nerves_toolchain_armv7_nerves_linux_gnueabihf, repo: "hexpm", optional: false]}], "hexpm", "97c538dc5207c1f16f16820d1db0d2dbc1bfca4e7c9b3ba4591fe6e4d0ae7026"},
  "nerves_system_rpi3a": {:hex, :nerves_system_rpi3a, "1.16.2", "d461b6b6a23510152e24e0154576e76d0488abf077fd9886b628b0a67e557ff2", [:mix], [{:nerves, "~> 1.5.4 or ~> 1.6.0 or ~> 1.7.3", [hex: :nerves, repo: "hexpm", optional: false]}, {:nerves_system_br, "1.16.4", [hex: :nerves_system_br, repo: "hexpm", optional: false]}, {:nerves_toolchain_armv7_nerves_linux_gnueabihf, "~> 1.4.3", [hex: :nerves_toolchain_armv7_nerves_linux_gnueabihf, repo: "hexpm", optional: false]}], "hexpm", "ccb3b3af6ed7571e59aee94bc93b26bc25b6aca160d58b30521043100ec5b835"},
  "nerves_system_rpi4": {:hex, :nerves_system_rpi4, "1.16.2", "4fdc8a840579e0cd448957185cbb10794ab1fade33e17d497dc2942583a17d0b", [:mix], [{:nerves, "~> 1.5.4 or ~> 1.6.0 or ~> 1.7.3", [hex: :nerves, repo: "hexpm", optional: false]}, {:nerves_system_br, "1.16.4", [hex: :nerves_system_br, repo: "hexpm", optional: false]}, {:nerves_toolchain_aarch64_nerves_linux_gnu, "~> 1.4.3", [hex: :nerves_toolchain_aarch64_nerves_linux_gnu, repo: "hexpm", optional: false]}], "hexpm", "297cbb5d9e6fe271a4a8d88eb3276f4bd1f0fcc2e5943be3d3ddf8260750a3c4"},
  "nerves_system_x86_64": {:hex, :nerves_system_x86_64, "1.15.0", "5119260074decce6af308caf1ce2ef63f2d4311c300e5c05e385f78b6fe9c207", [:mix], [{:nerves, "~> 1.5.4 or ~> 1.6.0 or ~> 1.7.4", [hex: :nerves, repo: "hexpm", optional: false]}, {:nerves_system_br, "1.15.0", [hex: :nerves_system_br, repo: "hexpm", optional: false]}, {:nerves_toolchain_x86_64_nerves_linux_musl, "~> 1.4.2", [hex: :nerves_toolchain_x86_64_nerves_linux_musl, repo: "hexpm", optional: false]}], "hexpm", "9a7d7f75472a0cf562718316507ad9d951978e452ea4af4dc75e3764ba43a100"},
  "nerves_time": {:hex, :nerves_time, "0.4.2", "38da1774cf18f4561d6e71cb468b7145961e4acc288142a4247c8248cb1e810d", [:make, :mix], [{:elixir_make, "~> 0.6", [hex: :elixir_make, repo: "hexpm", optional: false]}, {:muontrap, "~> 0.5", [hex: :muontrap, repo: "hexpm", optional: false]}], "hexpm", "0e5dab49383750790f041b606db2c1165d9a1d762bcc2c53928b294fbfc634ca"},
  "nerves_toolchain_aarch64_nerves_linux_gnu": {:hex, :nerves_toolchain_aarch64_nerves_linux_gnu, "1.4.3", "6aa784fd3779251a4438e9874ed646492c3a4289f10581d01c4d61acda7d0b2d", [:mix], [{:nerves, "~> 1.4", [hex: :nerves, repo: "hexpm", optional: false]}, {:nerves_toolchain_ctng, "~> 1.8.4", [hex: :nerves_toolchain_ctng, repo: "hexpm", optional: false]}], "hexpm", "75ab06af12118b423b4bba870a4f10d81f83678fd7fc57278927ce9d52516c5e"},
  "nerves_toolchain_armv6_nerves_linux_gnueabihf": {:hex, :nerves_toolchain_armv6_nerves_linux_gnueabihf, "1.4.3", "c75a3975388c3378deb72ed50178f34f8cc47b575b32546d22e522a577f6b8c0", [:mix], [{:nerves, "~> 1.0", [hex: :nerves, repo: "hexpm", optional: false]}, {:nerves_toolchain_ctng, "~> 1.8.4", [hex: :nerves_toolchain_ctng, repo: "hexpm", optional: false]}], "hexpm", "33e3a174ff51f81bca3181560d33c065694828e8c8c72aada0b92a46ba7cfbe5"},
  "nerves_toolchain_armv7_nerves_linux_gnueabihf": {:hex, :nerves_toolchain_armv7_nerves_linux_gnueabihf, "1.4.3", "ff5b8fed2a71daea7ac07a5a0a6ecec7a4985d2a617a89ab073591d441d9cda4", [:mix], [{:nerves, "~> 1.0", [hex: :nerves, repo: "hexpm", optional: false]}, {:nerves_toolchain_ctng, "~> 1.8.4", [hex: :nerves_toolchain_ctng, repo: "hexpm", optional: false]}], "hexpm", "ffefca61b7282a5a10032e61b6dab6758d24eee732c5d8c16fe6aada52dd099a"},
  "nerves_toolchain_ctng": {:hex, :nerves_toolchain_ctng, "1.8.4", "2f6b4153e3904502d117f9d957c12eaafd490e1d2bdf20a85328ada46a1350da", [:mix], [{:nerves, "~> 1.0", [hex: :nerves, repo: "hexpm", optional: false]}], "hexpm", "6194be9b1364fdc1db6b2a0e98fa8dcb94fe1af373dcf8149298d62ce9b1b369"},
  "nerves_toolchain_x86_64_nerves_linux_musl": {:hex, :nerves_toolchain_x86_64_nerves_linux_musl, "1.4.2", "b30adf1a643a74efbad539ba5ea4913425a129fadf0db9ad7e4f7333498e027c", [:mix], [{:nerves, "~> 1.0", [hex: :nerves, repo: "hexpm", optional: false]}, {:nerves_toolchain_ctng, "~> 1.8.1", [hex: :nerves_toolchain_ctng, repo: "hexpm", optional: false]}], "hexpm", "f98729859715599d0c716ce76f324689dc11d950a79c4963e94db6372d7d8ab0"},
  "one_dhcpd": {:hex, :one_dhcpd, "0.2.5", "ecec86e567839bde69717abb24c1ae5c74fcdc71beccfce541a0c3149aa980a4", [:make, :mix], [{:elixir_make, "~> 0.6", [hex: :elixir_make, repo: "hexpm", optional: false]}], "hexpm", "4d59693a9998c7dfd6d9f06c556ff23c73c817832f812205a6f09d38250b6dfa"},
  "ring_logger": {:hex, :ring_logger, "0.8.2", "78e0ffbf89b3f5b3c58f8660cb6b6fe2ca7ed5f56dc64e993119189d629c278c", [:mix], [{:circular_buffer, "~> 0.4.0", [hex: :circular_buffer, repo: "hexpm", optional: false]}], "hexpm", "864c8982bfcdc17b7501d00cc2bcede6727ebf95cbeba30e70c795d03f9138c1"},
  "scenic": {:hex, :scenic, "0.10.5", "9f4d72601bbd97c5e77b80e142b29f56edbfec20ad102d2e1b4fab8536559e9c", [:make, :mix], [{:elixir_make, "~> 0.6.2", [hex: :elixir_make, repo: "hexpm", optional: false]}, {:font_metrics, "~> 0.3.0", [hex: :font_metrics, repo: "hexpm", optional: false]}], "hexpm", "2432d87ecdfbd15c03fbbad0aca9cb303e88821abc0406c48ed763f282a66131"},
  "scenic_driver_glfw": {:hex, :scenic_driver_glfw, "0.10.1", "df7a11bc1d23415dd48c7796a70a6ad98b9cf77554078d79115d6c6e58b87eda", [:make, :mix], [{:elixir_make, "~> 0.6", [hex: :elixir_make, repo: "hexpm", optional: false]}, {:scenic, "~> 0.10", [hex: :scenic, repo: "hexpm", optional: false]}], "hexpm", "d2f2ef0a1d099a6e1904616c0a95ff0fc554342cf7936e6bb73c2d7027e7557e"},
  "scenic_sensor": {:hex, :scenic_sensor, "0.7.0", "a12aed7596fbab025a535f912325da5a087ff704e96f7acb274c3034d832f9ce", [:mix], [], "hexpm", "424b0663b7b2e2ea309231e384f321e35b1a693397f8b49913330405d36ab558"},
  "shoehorn": {:hex, :shoehorn, "0.7.0", "fc23870fb6b470f5c520fee692637b120a36e163842ab497bbec7e8a1aa6cfe3", [:mix], [], "hexpm", "eeb317ac677b228906039ccf532a582ad9f6d31d7958c98f5c853fe0459e0243"},
  "socket": {:hex, :socket, "0.3.13", "98a2ab20ce17f95fb512c5cadddba32b57273e0d2dba2d2e5f976c5969d0c632", [:mix], [], "hexpm", "f82ea9833ef49dde272e6568ab8aac657a636acb4cf44a7de8a935acb8957c2e"},
  "ssh_subsystem_fwup": {:hex, :ssh_subsystem_fwup, "0.5.2", "02738a0094bcfd15b0616020f4ebf49412296452349fa3df6a0fc0ed89822851", [:mix], [], "hexpm", "a72aa8ca6ec18573f668281bea2c07afcb7c58c8357e2b11fdbedaf6d3fb13a3"},
  "system_registry": {:hex, :system_registry, "0.8.2", "df791dc276652fcfb53be4dab823e05f8269b96ac57c26f86a67838dbc0eefe7", [:mix], [], "hexpm", "f7acdede22c73ab0b3735eead7f2095efb2a7a6198366564205274db2ca2a8f8"},
  "toolshed": {:hex, :toolshed, "0.2.18", "5d7c6ef6d4f29fb41f044b4023c3a8c157df538b02ef97bc54181a4f2edea320", [:mix], [{:nerves_runtime, "~> 0.8", [hex: :nerves_runtime, repo: "hexpm", optional: true]}], "hexpm", "5c60fb9480b82b3ba845332bea849a32c69fb8a9917473a0a5dcf1b7357f2163"},
  "uboot_env": {:hex, :uboot_env, "0.3.0", "8afbcc8e5b65e5d0d5660ded2f5835a959d2326fa8683183f380cd6464e75174", [:mix], [], "hexpm", "d8fe5d2b4d52a14398ace02bd604ff7a0fa8960550bb7254f75dcbd438ddc6a1"},
  "ubx_interpreter": {:hex, :ubx_interpreter, "0.1.0", "1428e41638c472667e1c053724a309271143b7845d4913ad78b1f36d189962ee", [:mix], [{:circuits_uart, "~> 1.4.2", [hex: :circuits_uart, repo: "hexpm", optional: false]}, {:ring_logger, "~> 0.8.1", [hex: :ring_logger, repo: "hexpm", optional: false]}, {:via_utils, "~> 0.1.0", [hex: :via_utils, repo: "hexpm", optional: false]}], "hexpm", "f2787916b2e874eabb21e3d7bee767dfc97f14831999b44dc64d4246d91eff54"},
  "via_controllers": {:hex, :via_controllers, "0.1.0", "1e9534567c34148e8ae368ca19ec7d14b4a417c2403ec3afd232265d03ce1430", [:mix], [{:via_utils, "~> 0.1.0", [hex: :via_utils, repo: "hexpm", optional: false]}], "hexpm", "3faa94a4a0dce978bb902d1c0dff6ed4f6484fd4e29eb27442b9ac2ac065cca6"},
  "via_estimation": {:hex, :via_estimation, "0.1.0", "0e217b1813fcf9c804a1c0be078584388ce29d2280c4799c8beb91d544e5fe0e", [:mix], [{:matrex, "~> 0.6.8", [hex: :matrex, repo: "hexpm", optional: false]}, {:ring_logger, "~> 0.8.1", [hex: :ring_logger, repo: "hexpm", optional: false]}, {:via_utils, "~> 0.1.0", [hex: :via_utils, repo: "hexpm", optional: false]}], "hexpm", "ed3a0265b6286cbc1dd14e8d6760e4df14d44965ac532fc180b130e93ab0ef1c"},
  "via_joystick": {:hex, :via_joystick, "0.1.0", "f4bf90e4a27734a35bc2b36a458cd00b00ec7a914578f66bb79669cc6e947c61", [:mix], [{:joystick, "~> 0.2.1", [hex: :joystick, repo: "hexpm", optional: false]}, {:via_utils, "~> 0.1.0", [hex: :via_utils, repo: "hexpm", optional: false]}], "hexpm", "ff4011a4c9dac9e068d3157a73938799d414d5723345ee47fc4805b4bb65ef7b"},
  "via_utils": {:hex, :via_utils, "0.1.1", "93f69487b81785203b8ed954999fb304b4376f442c2e28cc0a0acaae1fcf3ee9", [:mix], [{:circuits_uart, "~> 1.4.2", [hex: :circuits_uart, repo: "hexpm", optional: false]}, {:ring_logger, "~> 0.8.1", [hex: :ring_logger, repo: "hexpm", optional: false]}], "hexpm", "5fccdc8fe75e68e80096f54c5eb0d301daa4ae78ef7f61b9712fc381d3a6335c"},
  "vintage_net": {:hex, :vintage_net, "0.9.3", "6f023c73a4674eba3160d27f777847dbfb5c69abf87ee3b87ec0e0d410b73059", [:make, :mix], [{:elixir_make, "~> 0.6", [hex: :elixir_make, repo: "hexpm", optional: false]}, {:gen_state_machine, "~> 2.0.0 or ~> 2.1.0 or ~> 3.0.0", [hex: :gen_state_machine, repo: "hexpm", optional: false]}, {:muontrap, "~> 0.5.1 or ~> 0.6.0", [hex: :muontrap, repo: "hexpm", optional: false]}], "hexpm", "3e0094953aa0b36a6874b0dbb03cf02f45c275eca7bdf5386d17b702d869fda8"},
  "vintage_net_direct": {:hex, :vintage_net_direct, "0.9.0", "fbb61973dd0ea39029557a89be9dffca7801a0817dc4a181d129325a0fe6be93", [:mix], [{:one_dhcpd, "~> 0.2.3", [hex: :one_dhcpd, repo: "hexpm", optional: false]}, {:vintage_net, "~> 0.9.0", [hex: :vintage_net, repo: "hexpm", optional: false]}], "hexpm", "d00537f179f177b46ccde29f7461566c49c094fa02c19691b866afa643052b92"},
  "vintage_net_ethernet": {:hex, :vintage_net_ethernet, "0.9.0", "da8ac25599b47cf00eb9ff45440c614a722a29734fe0591f5bc7cfb0d8e8462c", [:mix], [{:vintage_net, "~> 0.9.0", [hex: :vintage_net, repo: "hexpm", optional: false]}], "hexpm", "e3a1f699197d374d6eb751c1ea94168e8f521db65c20edfd7a6d24844bc2c0b4"},
  "vintage_net_wifi": {:hex, :vintage_net_wifi, "0.9.2", "be57d302994615ae993105e25d37f04a4c6daeae9483487ccfb6e2d1943bd7a1", [:make, :mix], [{:elixir_make, "~> 0.6", [hex: :elixir_make, repo: "hexpm", optional: false]}, {:vintage_net, "~> 0.9.1", [hex: :vintage_net, repo: "hexpm", optional: false]}], "hexpm", "c672634ea3c8d757912d0923ea9055cf776dbf3d6978dc25f5723f5339acb101"},
  "xplane_integration": {:hex, :xplane_integration, "0.1.2", "5a0df068e2309301888187fcc969c015f76cc439c13ea36950bd312cd3b50f68", [:mix], [{:via_utils, "~> 0.1.1", [hex: :via_utils, repo: "hexpm", optional: false]}], "hexpm", "a06d093b714a00a080d1bef712ab955918e2e7a3429c0500f296a585efd990d3"},
}
